
Microsoft Visual Studio Solution File, Format Version 12.00
# Visual Studio Version 17
VisualStudioVersion = 17.4.33103.184
MinimumVisualStudioVersion = 10.0.40219.1
Project("{FAE04EC0-301F-11D3-BF4B-00C04F79EFBC}") = "task", "task\task.csproj", "{C121985C-0685-45D0-B9AA-AB5BC1AAF674}"
EndProject
Global
	GlobalSection(SolutionConfigurationPlatforms) = preSolution
		Debug|Any CPU = Debug|Any CPU
		Release|Any CPU = Release|Any CPU
	EndGlobalSection
	GlobalSection(ProjectConfigurationPlatforms) = postSolution
		{C121985C-0685-45D0-B9AA-AB5BC1AAF674}.Debug|Any CPU.ActiveCfg = Debug|Any CPU
		{C121985C-0685-45D0-B9AA-AB5BC1AAF674}.Debug|Any CPU.Build.0 = Debug|Any CPU
		{C121985C-0685-45D0-B9AA-AB5BC1AAF674}.Release|Any CPU.ActiveCfg = Release|Any CPU
		{C121985C-0685-45D0-B9AA-AB5BC1AAF674}.Release|Any CPU.Build.0 = Release|Any CPU
	EndGlobalSection
	GlobalSection(SolutionProperties) = preSolution
		HideSolutionNode = FALSE
	EndGlobalSection
	GlobalSection(ExtensibilityGlobals) = postSolution
		SolutionGuid = {D0FCB053-082C-4DF4-A7C8-2C524C397A2D}
	EndGlobalSection
EndGlobal
